
Microsoft Visual Studio Solution File, Format Version 12.00
# Visual Studio Version 16
VisualStudioVersion = 16.0.30717.126
MinimumVisualStudioVersion = 10.0.40219.1
Project("{FAE04EC0-301F-11D3-BF4B-00C04F79EFBC}") = "DesignPatterns", "DesignPatterns.csproj", "{BA7C71BB-76E2-445E-A77D-437F28E07A0E}"
EndProject
Project("{FAE04EC0-301F-11D3-BF4B-00C04F79EFBC}") = "Singletone", "..\Singletone\Singletone.csproj", "{6A3A0897-AE1C-410B-A5E8-45F99A20FA86}"
EndProject
Project("{2150E333-8FDC-42A3-9474-1A3956D46DE8}") = "Creational", "Creational", "{6132C231-3671-4C42-9A2E-08675479A58D}"
EndProject
Global
	GlobalSection(SolutionConfigurationPlatforms) = preSolution
		Debug|Any CPU = Debug|Any CPU
		Release|Any CPU = Release|Any CPU
	EndGlobalSection
	GlobalSection(ProjectConfigurationPlatforms) = postSolution
		{BA7C71BB-76E2-445E-A77D-437F28E07A0E}.Debug|Any CPU.ActiveCfg = Debug|Any CPU
		{BA7C71BB-76E2-445E-A77D-437F28E07A0E}.Debug|Any CPU.Build.0 = Debug|Any CPU
		{BA7C71BB-76E2-445E-A77D-437F28E07A0E}.Release|Any CPU.ActiveCfg = Release|Any CPU
		{BA7C71BB-76E2-445E-A77D-437F28E07A0E}.Release|Any CPU.Build.0 = Release|Any CPU
		{6A3A0897-AE1C-410B-A5E8-45F99A20FA86}.Debug|Any CPU.ActiveCfg = Debug|Any CPU
		{6A3A0897-AE1C-410B-A5E8-45F99A20FA86}.Debug|Any CPU.Build.0 = Debug|Any CPU
		{6A3A0897-AE1C-410B-A5E8-45F99A20FA86}.Release|Any CPU.ActiveCfg = Release|Any CPU
		{6A3A0897-AE1C-410B-A5E8-45F99A20FA86}.Release|Any CPU.Build.0 = Release|Any CPU
	EndGlobalSection
	GlobalSection(SolutionProperties) = preSolution
		HideSolutionNode = FALSE
	EndGlobalSection
	GlobalSection(NestedProjects) = preSolution
		{6A3A0897-AE1C-410B-A5E8-45F99A20FA86} = {6132C231-3671-4C42-9A2E-08675479A58D}
	EndGlobalSection
	GlobalSection(ExtensibilityGlobals) = postSolution
		SolutionGuid = {ED535613-85F8-4852-AB9E-41B697E44BEA}
	EndGlobalSection
EndGlobal
